<?xml version="1.0" encoding="utf-8"?>
<Project ToolsVersion="4.0" xmlns="http://schemas.microsoft.com/developer/msbuild/2003">
  <ItemGroup>
    <Filter Include="Core">
      <UniqueIdentifier>{2EB4837C-1AEB-840D-C3D7-6A10AFED000F}</UniqueIdentifier>
    </Filter>
    <Filter Include="Core\CU">
      <UniqueIdentifier>{553E7134-C11D-F0CF-CA35-7BA636945631}</UniqueIdentifier>
    </Filter>
    <Filter Include="Core\CU\Math">
      <UniqueIdentifier>{4EE0AC0C-3A43-3CB1-E3C8-7467CF0A0834}</UniqueIdentifier>
    </Filter>
    <Filter Include="Core\Utilities">
      <UniqueIdentifier>{196AB171-0538-A577-EECB-159EDA3881DC}</UniqueIdentifier>
    </Filter>
    <Filter Include="Pipeline">
      <UniqueIdentifier>{FB328BEF-E7FF-E5FA-1019-D4A2FC441B89}</UniqueIdentifier>
    </Filter>
    <Filter Include="Pipeline\Rendering">
      <UniqueIdentifier>{08328B3E-F415-4C94-5D76-46E749793616}</UniqueIdentifier>
    </Filter>
    <Filter Include="Pipeline\Rendering\Content">
      <UniqueIdentifier>{5233091C-3E43-B5EC-A7FC-190B932BA485}</UniqueIdentifier>
    </Filter>
    <Filter Include="Pipeline\Rendering\DX">
      <UniqueIdentifier>{13261BD2-7F92-D6CC-4886-6E2AB4B1F834}</UniqueIdentifier>
    </Filter>
    <Filter Include="Pipeline\Utility">
      <UniqueIdentifier>{3EBC0BD4-2AB5-2A26-53E7-0FAB3F3F0A32}</UniqueIdentifier>
    </Filter>
    <Filter Include="Shaders">
      <UniqueIdentifier>{EFAC8DF2-5B8C-0C8E-64A4-9764D00273EF}</UniqueIdentifier>
    </Filter>
    <Filter Include="Shaders\Util">
      <UniqueIdentifier>{9C31FDFA-8894-8C9F-311A-C5551D5C5822}</UniqueIdentifier>
    </Filter>
  </ItemGroup>
  <ItemGroup>
    <ClInclude Include="src\Core\CU\Bounds.h">
      <Filter>Core\CU</Filter>
    </ClInclude>
    <ClInclude Include="src\Core\CU\Camera.h">
      <Filter>Core\CU</Filter>
    </ClInclude>
    <ClInclude Include="src\Core\CU\CommonData.h">
      <Filter>Core\CU</Filter>
    </ClInclude>
    <ClInclude Include="src\Core\CU\Math\MathFunctions.h">
      <Filter>Core\CU\Math</Filter>
    </ClInclude>
    <ClInclude Include="src\Core\CU\Math\Matrix3x3.hpp">
      <Filter>Core\CU\Math</Filter>
    </ClInclude>
    <ClInclude Include="src\Core\CU\Math\Matrix4x4.hpp">
      <Filter>Core\CU\Math</Filter>
    </ClInclude>
    <ClInclude Include="src\Core\CU\Math\Vector.h">
      <Filter>Core\CU\Math</Filter>
    </ClInclude>
    <ClInclude Include="src\Core\CU\Math\Vector2.h">
      <Filter>Core\CU\Math</Filter>
    </ClInclude>
    <ClInclude Include="src\Core\CU\Math\Vector3.h">
      <Filter>Core\CU\Math</Filter>
    </ClInclude>
    <ClInclude Include="src\Core\CU\Math\Vector4.h">
      <Filter>Core\CU\Math</Filter>
    </ClInclude>
    <ClInclude Include="src\Core\CU\MathLibrary.h">
      <Filter>Core\CU</Filter>
    </ClInclude>
    <ClInclude Include="src\Core\CU\Transform.h">
      <Filter>Core\CU</Filter>
    </ClInclude>
    <ClInclude Include="src\Core\PollingStation.h">
      <Filter>Core</Filter>
    </ClInclude>
    <ClInclude Include="src\Core\Utilities\EnumMap.h">
      <Filter>Core\Utilities</Filter>
    </ClInclude>
    <ClInclude Include="src\Core\Utilities\Function.h">
      <Filter>Core\Utilities</Filter>
    </ClInclude>
    <ClInclude Include="src\Core\Utilities\Input.h">
      <Filter>Core\Utilities</Filter>
    </ClInclude>
    <ClInclude Include="src\Core\Utilities\Reflection.h">
      <Filter>Core\Utilities</Filter>
    </ClInclude>
    <ClInclude Include="src\Pipeline\Rendering\Content\ContentFactories.h">
      <Filter>Pipeline\Rendering\Content</Filter>
    </ClInclude>
    <ClInclude Include="src\Pipeline\Rendering\Content\DrawData.h">
      <Filter>Pipeline\Rendering\Content</Filter>
    </ClInclude>
    <ClInclude Include="src\Pipeline\Rendering\Content\MaterialDef.h">
      <Filter>Pipeline\Rendering\Content</Filter>
    </ClInclude>
    <ClInclude Include="src\Pipeline\Rendering\Content\ModelDef.h">
      <Filter>Pipeline\Rendering\Content</Filter>
    </ClInclude>
    <ClInclude Include="src\Pipeline\Rendering\Content\Projection.h">
      <Filter>Pipeline\Rendering\Content</Filter>
    </ClInclude>
    <ClInclude Include="src\Pipeline\Rendering\DX\DXDrawer.h">
      <Filter>Pipeline\Rendering\DX</Filter>
    </ClInclude>
    <ClInclude Include="src\Pipeline\Rendering\DX\DXIncludes.h">
      <Filter>Pipeline\Rendering\DX</Filter>
    </ClInclude>
    <ClInclude Include="src\Pipeline\Rendering\GraphicsEngine.h">
      <Filter>Pipeline\Rendering</Filter>
    </ClInclude>
    <ClInclude Include="src\Pipeline\Rendering\RenderAdapter.h">
      <Filter>Pipeline\Rendering</Filter>
    </ClInclude>
    <ClInclude Include="src\Pipeline\Runtime.h">
      <Filter>Pipeline</Filter>
    </ClInclude>
    <ClInclude Include="src\Pipeline\Utility\Event.h">
      <Filter>Pipeline\Utility</Filter>
    </ClInclude>
    <ClInclude Include="src\framework.h" />
  </ItemGroup>
  <ItemGroup>
    <ClCompile Include="src\Core\CU\Camera.cpp">
      <Filter>Core\CU</Filter>
    </ClCompile>
    <ClCompile Include="src\Core\CU\Transform.cpp">
      <Filter>Core\CU</Filter>
    </ClCompile>
    <ClCompile Include="src\Core\PollingStation.cpp">
      <Filter>Core</Filter>
    </ClCompile>
    <ClCompile Include="src\Core\Utilities\EnumMap.cpp">
      <Filter>Core\Utilities</Filter>
    </ClCompile>
    <ClCompile Include="src\Core\Utilities\Input.cpp">
      <Filter>Core\Utilities</Filter>
    </ClCompile>
    <ClCompile Include="src\Pipeline\Rendering\Content\ContentFactories.cpp">
      <Filter>Pipeline\Rendering\Content</Filter>
    </ClCompile>
    <ClCompile Include="src\Pipeline\Rendering\Content\MaterialDef.cpp">
      <Filter>Pipeline\Rendering\Content</Filter>
    </ClCompile>
    <ClCompile Include="src\Pipeline\Rendering\Content\Model.cpp">
      <Filter>Pipeline\Rendering\Content</Filter>
    </ClCompile>
    <ClCompile Include="src\Pipeline\Rendering\Content\Projection.cpp">
      <Filter>Pipeline\Rendering\Content</Filter>
    </ClCompile>
    <ClCompile Include="src\Pipeline\Rendering\DX\DXDrawer.cpp">
      <Filter>Pipeline\Rendering\DX</Filter>
    </ClCompile>
    <ClCompile Include="src\Pipeline\Rendering\GraphicsEngine.cpp">
      <Filter>Pipeline\Rendering</Filter>
    </ClCompile>
    <ClCompile Include="src\Pipeline\Runtime.cpp">
      <Filter>Pipeline</Filter>
    </ClCompile>
    <ClCompile Include="src\dllmain.cpp" />
  </ItemGroup>
  <ItemGroup>
    <FxCompile Include="src\Shaders\FullscreenUnlit_PS.hlsl">
      <Filter>Shaders</Filter>
    </FxCompile>
    <FxCompile Include="src\Shaders\Fullscreen_VS.hlsl">
      <Filter>Shaders</Filter>
    </FxCompile>
    <FxCompile Include="src\Shaders\RenderID_PS.hlsl">
      <Filter>Shaders</Filter>
    </FxCompile>
    <FxCompile Include="src\Shaders\Unlit_PS.hlsl">
      <Filter>Shaders</Filter>
    </FxCompile>
    <FxCompile Include="src\Shaders\Unlit_VS.hlsl">
      <Filter>Shaders</Filter>
    </FxCompile>
  </ItemGroup>
  <ItemGroup>
    <None Include="src\Shaders\Util\CBufferDef.hlsli">
      <Filter>Shaders\Util</Filter>
    </None>
    <None Include="src\Shaders\Util\ShaderStructs.hlsli">
      <Filter>Shaders\Util</Filter>
    </None>
    <None Include="src\Shaders\Util\ShaderUtils.hlsli">
      <Filter>Shaders\Util</Filter>
    </None>
  </ItemGroup>
</Project>