<?xml version="1.0" encoding="utf-8"?>
<Project ToolsVersion="4.0" xmlns="http://schemas.microsoft.com/developer/msbuild/2003">
  <ItemGroup>
    <Filter Include="Core">
      <UniqueIdentifier>{2EB4837C-1AEB-840D-C3D7-6A10AFED000F}</UniqueIdentifier>
    </Filter>
    <Filter Include="Core\CU">
      <UniqueIdentifier>{553E7134-C11D-F0CF-CA35-7BA636945631}</UniqueIdentifier>
    </Filter>
    <Filter Include="Core\CU\Math">
      <UniqueIdentifier>{4EE0AC0C-3A43-3CB1-E3C8-7467CF0A0834}</UniqueIdentifier>
    </Filter>
    <Filter Include="Core\Graphics">
      <UniqueIdentifier>{2E10C882-9AD0-43B9-630B-8D36CF8A8895}</UniqueIdentifier>
    </Filter>
    <Filter Include="Core\Graphics\DirectX11">
      <UniqueIdentifier>{72430C2F-DE7A-54C6-E784-B8E9533B7BBF}</UniqueIdentifier>
    </Filter>
    <Filter Include="Core\Graphics\Models">
      <UniqueIdentifier>{21E28900-0D71-13CA-B68F-27C5A2FD2370}</UniqueIdentifier>
    </Filter>
    <Filter Include="Core\Graphics\RenderTargets">
      <UniqueIdentifier>{17AAC264-83B7-F04A-0C9E-EC3578AABC01}</UniqueIdentifier>
    </Filter>
    <Filter Include="Core\Graphics\Textures">
      <UniqueIdentifier>{C1F54CEE-ADEF-7540-965C-0C5182F5DBAC}</UniqueIdentifier>
    </Filter>
    <Filter Include="Core\RuntimeAPI">
      <UniqueIdentifier>{DBFED414-478A-42D9-509B-C5CDBCA59ED9}</UniqueIdentifier>
    </Filter>
    <Filter Include="Core\RuntimeAPI\Components">
      <UniqueIdentifier>{1005589C-FC14-046D-65CE-688B51FDF205}</UniqueIdentifier>
    </Filter>
    <Filter Include="Core\RuntimeAPI\NEW">
      <UniqueIdentifier>{340FBA62-A070-9770-29DE-DD22953ECE2F}</UniqueIdentifier>
    </Filter>
    <Filter Include="Core\RuntimeAPI\SceneManagement">
      <UniqueIdentifier>{9505EE1A-01E9-FC5A-0AEC-2A97764EC3AB}</UniqueIdentifier>
    </Filter>
    <Filter Include="Core\Utilities">
      <UniqueIdentifier>{196AB171-0538-A577-EECB-159EDA3881DC}</UniqueIdentifier>
    </Filter>
    <Filter Include="Pipeline">
      <UniqueIdentifier>{513fb039-fd73-4e92-b5d4-164df791c127}</UniqueIdentifier>
    </Filter>
    <Filter Include="Pipeline\Rendering">
      <UniqueIdentifier>{1c3d6e7d-98c0-44ed-a76e-0bf8f3b83776}</UniqueIdentifier>
    </Filter>
    <Filter Include="Pipeline\Rendering\DX">
      <UniqueIdentifier>{9e556244-64c5-4d8c-9e1e-27b4b75c5d2a}</UniqueIdentifier>
    </Filter>
  </ItemGroup>
  <ItemGroup>
    <ClInclude Include="src\Core\CU\Bounds.h">
      <Filter>Core\CU</Filter>
    </ClInclude>
    <ClInclude Include="src\Core\CU\CommonData.h">
      <Filter>Core\CU</Filter>
    </ClInclude>
    <ClInclude Include="src\Core\CU\Math\MathFunctions.h">
      <Filter>Core\CU\Math</Filter>
    </ClInclude>
    <ClInclude Include="src\Core\CU\Math\Matrix3x3.hpp">
      <Filter>Core\CU\Math</Filter>
    </ClInclude>
    <ClInclude Include="src\Core\CU\Math\Matrix4x4.hpp">
      <Filter>Core\CU\Math</Filter>
    </ClInclude>
    <ClInclude Include="src\Core\CU\Math\Vector.h">
      <Filter>Core\CU\Math</Filter>
    </ClInclude>
    <ClInclude Include="src\Core\CU\Math\Vector2.h">
      <Filter>Core\CU\Math</Filter>
    </ClInclude>
    <ClInclude Include="src\Core\CU\Math\Vector3.h">
      <Filter>Core\CU\Math</Filter>
    </ClInclude>
    <ClInclude Include="src\Core\CU\Math\Vector4.h">
      <Filter>Core\CU\Math</Filter>
    </ClInclude>
    <ClInclude Include="src\Core\CU\MathLibrary.h">
      <Filter>Core\CU</Filter>
    </ClInclude>
    <ClInclude Include="src\Core\CU\Transform.h">
      <Filter>Core\CU</Filter>
    </ClInclude>
    <ClInclude Include="src\Core\Graphics\BaseRenderer.h">
      <Filter>Core\Graphics</Filter>
    </ClInclude>
    <ClInclude Include="src\Core\Graphics\CameraInterface.h">
      <Filter>Core\Graphics</Filter>
    </ClInclude>
    <ClInclude Include="src\Core\Graphics\DirectX11\DXDefines.h">
      <Filter>Core\Graphics\DirectX11</Filter>
    </ClInclude>
    <ClInclude Include="src\Core\Graphics\DirectX11\DXIncludes.h">
      <Filter>Core\Graphics\DirectX11</Filter>
    </ClInclude>
    <ClInclude Include="src\Core\Graphics\DirectX11\DXInterface.h">
      <Filter>Core\Graphics\DirectX11</Filter>
    </ClInclude>
    <ClInclude Include="src\Core\Graphics\DirectX11\DXUtilities.h">
      <Filter>Core\Graphics\DirectX11</Filter>
    </ClInclude>
    <ClInclude Include="src\Core\Graphics\GraphicsAPI.h">
      <Filter>Core\Graphics</Filter>
    </ClInclude>
    <ClInclude Include="src\Core\Graphics\Models\Material.h">
      <Filter>Core\Graphics\Models</Filter>
    </ClInclude>
    <ClInclude Include="src\Core\Graphics\Models\Model.h">
      <Filter>Core\Graphics\Models</Filter>
    </ClInclude>
    <ClInclude Include="src\Core\Graphics\Models\ModelFactory.h">
      <Filter>Core\Graphics\Models</Filter>
    </ClInclude>
    <ClInclude Include="src\Core\Graphics\RenderTargets\RenderFactory.h">
      <Filter>Core\Graphics\RenderTargets</Filter>
    </ClInclude>
    <ClInclude Include="src\Core\Graphics\RenderTargets\RenderTarget.h">
      <Filter>Core\Graphics\RenderTargets</Filter>
    </ClInclude>
    <ClInclude Include="src\Core\Graphics\Textures\Texture.h">
      <Filter>Core\Graphics\Textures</Filter>
    </ClInclude>
    <ClInclude Include="src\Core\Graphics\Textures\TextureFactory.h">
      <Filter>Core\Graphics\Textures</Filter>
    </ClInclude>
    <ClInclude Include="src\Core\PollingStation.h">
      <Filter>Core</Filter>
    </ClInclude>
    <ClInclude Include="src\Core\RuntimeAPI\Component.h">
      <Filter>Core\RuntimeAPI</Filter>
    </ClInclude>
    <ClInclude Include="src\Core\RuntimeAPI\Components\Camera.h">
      <Filter>Core\RuntimeAPI\Components</Filter>
    </ClInclude>
    <ClInclude Include="src\Core\RuntimeAPI\Components\ComponentStructure.h">
      <Filter>Core\RuntimeAPI\Components</Filter>
    </ClInclude>
    <ClInclude Include="src\Core\RuntimeAPI\Components\ComputerAgent.h">
      <Filter>Core\RuntimeAPI\Components</Filter>
    </ClInclude>
    <ClInclude Include="src\Core\RuntimeAPI\Components\ComputerTerminal.h">
      <Filter>Core\RuntimeAPI\Components</Filter>
    </ClInclude>
    <ClInclude Include="src\Core\RuntimeAPI\Components\ModelRenderer.h">
      <Filter>Core\RuntimeAPI\Components</Filter>
    </ClInclude>
    <ClInclude Include="src\Core\RuntimeAPI\Components\NeuralStation.h">
      <Filter>Core\RuntimeAPI\Components</Filter>
    </ClInclude>
    <ClInclude Include="src\Core\RuntimeAPI\Components\PlayerController.h">
      <Filter>Core\RuntimeAPI\Components</Filter>
    </ClInclude>
    <ClInclude Include="src\Core\RuntimeAPI\Components\SpriteRenderer.h">
      <Filter>Core\RuntimeAPI\Components</Filter>
    </ClInclude>
    <ClInclude Include="src\Core\RuntimeAPI\Components\TestComponent.h">
      <Filter>Core\RuntimeAPI\Components</Filter>
    </ClInclude>
    <ClInclude Include="src\Core\RuntimeAPI\NEW\Object.h">
      <Filter>Core\RuntimeAPI\NEW</Filter>
    </ClInclude>
    <ClInclude Include="src\Core\RuntimeAPI\NEW\Scene.h">
      <Filter>Core\RuntimeAPI\NEW</Filter>
    </ClInclude>
    <ClInclude Include="src\Core\RuntimeAPI\SceneManagement\SceneBuilder.h">
      <Filter>Core\RuntimeAPI\SceneManagement</Filter>
    </ClInclude>
    <ClInclude Include="src\Core\Utilities\EnumMap.h">
      <Filter>Core\Utilities</Filter>
    </ClInclude>
    <ClInclude Include="src\Core\Utilities\Function.h">
      <Filter>Core\Utilities</Filter>
    </ClInclude>
    <ClInclude Include="src\Core\Utilities\Input.h">
      <Filter>Core\Utilities</Filter>
    </ClInclude>
    <ClInclude Include="src\Core\Utilities\Reflection.h">
      <Filter>Core\Utilities</Filter>
    </ClInclude>
    <ClInclude Include="src\framework.h" />
    <ClInclude Include="src\Pipeline\Rendering\GraphicsEngine.h">
      <Filter>Pipeline\Rendering</Filter>
    </ClInclude>
    <ClInclude Include="src\Core\Runtime.h">
      <Filter>Pipeline</Filter>
    </ClInclude>
    <ClInclude Include="src\Pipeline\Rendering\DXIncludes.h">
      <Filter>Pipeline\Rendering\DX</Filter>
    </ClInclude>
    <ClInclude Include="src\Pipeline\Rendering\RenderAdapter.h">
      <Filter>Pipeline\Rendering</Filter>
    </ClInclude>
    <ClInclude Include="src\Pipeline\Rendering\DX\DXDrawer.h">
      <Filter>Pipeline\Rendering\DX</Filter>
    </ClInclude>
  </ItemGroup>
  <ItemGroup>
    <ClCompile Include="src\Core\CU\Transform.cpp">
      <Filter>Core\CU</Filter>
    </ClCompile>
    <ClCompile Include="src\Core\Graphics\CameraInterface.cpp">
      <Filter>Core\Graphics</Filter>
    </ClCompile>
    <ClCompile Include="src\Core\Graphics\DirectX11\DXInterface.cpp">
      <Filter>Core\Graphics\DirectX11</Filter>
    </ClCompile>
    <ClCompile Include="src\Core\Graphics\DirectX11\DXUtilities.cpp">
      <Filter>Core\Graphics\DirectX11</Filter>
    </ClCompile>
    <ClCompile Include="src\Core\Graphics\GraphicsAPI.cpp">
      <Filter>Core\Graphics</Filter>
    </ClCompile>
    <ClCompile Include="src\Core\Graphics\Models\Material.cpp">
      <Filter>Core\Graphics\Models</Filter>
    </ClCompile>
    <ClCompile Include="src\Core\Graphics\Models\ModelFactory.cpp">
      <Filter>Core\Graphics\Models</Filter>
    </ClCompile>
    <ClCompile Include="src\Core\Graphics\RenderTargets\RenderFactory.cpp">
      <Filter>Core\Graphics\RenderTargets</Filter>
    </ClCompile>
    <ClCompile Include="src\Core\Graphics\RenderTargets\RenderTarget.cpp">
      <Filter>Core\Graphics\RenderTargets</Filter>
    </ClCompile>
    <ClCompile Include="src\Core\Graphics\Textures\Texture.cpp">
      <Filter>Core\Graphics\Textures</Filter>
    </ClCompile>
    <ClCompile Include="src\Core\Graphics\Textures\TextureFactory.cpp">
      <Filter>Core\Graphics\Textures</Filter>
    </ClCompile>
    <ClCompile Include="src\Core\PollingStation.cpp">
      <Filter>Core</Filter>
    </ClCompile>
    <ClCompile Include="src\Core\RuntimeAPI\Components\Camera.cpp">
      <Filter>Core\RuntimeAPI\Components</Filter>
    </ClCompile>
    <ClCompile Include="src\Core\RuntimeAPI\Components\ComputerAgent.cpp">
      <Filter>Core\RuntimeAPI\Components</Filter>
    </ClCompile>
    <ClCompile Include="src\Core\RuntimeAPI\Components\ComputerTerminal.cpp">
      <Filter>Core\RuntimeAPI\Components</Filter>
    </ClCompile>
    <ClCompile Include="src\Core\RuntimeAPI\Components\ModelRenderer.cpp">
      <Filter>Core\RuntimeAPI\Components</Filter>
    </ClCompile>
    <ClCompile Include="src\Core\RuntimeAPI\Components\NeuralStation.cpp">
      <Filter>Core\RuntimeAPI\Components</Filter>
    </ClCompile>
    <ClCompile Include="src\Core\RuntimeAPI\Components\PlayerController.cpp">
      <Filter>Core\RuntimeAPI\Components</Filter>
    </ClCompile>
    <ClCompile Include="src\Core\RuntimeAPI\Components\SpriteRenderer.cpp">
      <Filter>Core\RuntimeAPI\Components</Filter>
    </ClCompile>
    <ClCompile Include="src\Core\RuntimeAPI\Components\TestComponent.cpp">
      <Filter>Core\RuntimeAPI\Components</Filter>
    </ClCompile>
    <ClCompile Include="src\Core\RuntimeAPI\NEW\Object.cpp">
      <Filter>Core\RuntimeAPI\NEW</Filter>
    </ClCompile>
    <ClCompile Include="src\Core\RuntimeAPI\NEW\Scene.cpp">
      <Filter>Core\RuntimeAPI\NEW</Filter>
    </ClCompile>
    <ClCompile Include="src\Core\RuntimeAPI\Object.cpp">
      <Filter>Core\RuntimeAPI</Filter>
    </ClCompile>
    <ClCompile Include="src\Core\RuntimeAPI\SceneManagement\SceneBuilder.cpp">
      <Filter>Core\RuntimeAPI\SceneManagement</Filter>
    </ClCompile>
    <ClCompile Include="src\Core\Utilities\EnumMap.cpp">
      <Filter>Core\Utilities</Filter>
    </ClCompile>
    <ClCompile Include="src\Core\Utilities\Input.cpp">
      <Filter>Core\Utilities</Filter>
    </ClCompile>
    <ClCompile Include="src\dllmain.cpp" />
    <ClCompile Include="src\Pipeline\Rendering\GraphicsEngine.cpp">
      <Filter>Pipeline\Rendering</Filter>
    </ClCompile>
    <ClCompile Include="src\Core\Runtime.cpp">
      <Filter>Pipeline</Filter>
    </ClCompile>
    <ClCompile Include="src\Pipeline\Rendering\DX\DXDrawer.cpp" />
  </ItemGroup>
</Project>