<?xml version="1.0" encoding="utf-8"?>
<Project ToolsVersion="4.0" xmlns="http://schemas.microsoft.com/developer/msbuild/2003">
  <ItemGroup>
    <ClInclude Include="framework.h" />
    <ClInclude Include="Core\Runtime.h">
      <Filter>Core</Filter>
    </ClInclude>
    <ClInclude Include="Core\CU\CommonData.h">
      <Filter>Core\CU</Filter>
    </ClInclude>
    <ClInclude Include="Core\Graphics\GraphicsAPI.h">
      <Filter>Core\Graphics</Filter>
    </ClInclude>
    <ClInclude Include="Core\CU\Transform.h">
      <Filter>Core\CU</Filter>
    </ClInclude>
    <ClInclude Include="Core\CU\Math\Vector3.h">
      <Filter>Core\CU\Math</Filter>
    </ClInclude>
    <ClInclude Include="Core\CU\Math\MathFunctions.h">
      <Filter>Core\CU\Math</Filter>
    </ClInclude>
    <ClInclude Include="Core\CU\Math\Vector4.h">
      <Filter>Core\CU\Math</Filter>
    </ClInclude>
    <ClInclude Include="Core\CU\Math\Matrix3x3.hpp">
      <Filter>Core\CU\Math</Filter>
    </ClInclude>
    <ClInclude Include="Core\CU\Math\Matrix4x4.hpp">
      <Filter>Core\CU\Math</Filter>
    </ClInclude>
    <ClInclude Include="Core\CU\Math\Vector2.h">
      <Filter>Core\CU\Math</Filter>
    </ClInclude>
    <ClInclude Include="Core\Graphics\Camera.h">
      <Filter>Core\Graphics</Filter>
    </ClInclude>
    <ClInclude Include="Core\Graphics\DXIncludes.h" />
    <ClInclude Include="Core\Graphics\Models\Model.h">
      <Filter>Core\Graphics\Models</Filter>
    </ClInclude>
    <ClInclude Include="Core\Graphics\Models\ModelFactory.h">
      <Filter>Core\Graphics\Models</Filter>
    </ClInclude>
    <ClInclude Include="Core\Graphics\Textures\Texture.h">
      <Filter>Core\Graphics\Textures</Filter>
    </ClInclude>
    <ClInclude Include="Core\Graphics\Textures\TextureFactory.h">
      <Filter>Core\Graphics\Textures</Filter>
    </ClInclude>
    <ClInclude Include="Core\Graphics\Models\Material.h">
      <Filter>Core\Graphics\Models</Filter>
    </ClInclude>
    <ClInclude Include="Core\Scene.h">
      <Filter>Core</Filter>
    </ClInclude>
    <ClInclude Include="Core\External\STB\stb_c_lexer.h">
      <Filter>Core\External\STB</Filter>
    </ClInclude>
    <ClInclude Include="Core\External\STB\stb_connected_components.h">
      <Filter>Core\External\STB</Filter>
    </ClInclude>
    <ClInclude Include="Core\External\STB\stb_divide.h">
      <Filter>Core\External\STB</Filter>
    </ClInclude>
    <ClInclude Include="Core\External\STB\stb_ds.h">
      <Filter>Core\External\STB</Filter>
    </ClInclude>
    <ClInclude Include="Core\External\STB\stb_dxt.h">
      <Filter>Core\External\STB</Filter>
    </ClInclude>
    <ClInclude Include="Core\External\STB\stb_easy_font.h">
      <Filter>Core\External\STB</Filter>
    </ClInclude>
    <ClInclude Include="Core\External\STB\stb_herringbone_wang_tile.h">
      <Filter>Core\External\STB</Filter>
    </ClInclude>
    <ClInclude Include="Core\External\STB\stb_hexwave.h">
      <Filter>Core\External\STB</Filter>
    </ClInclude>
    <ClInclude Include="Core\External\STB\stb_image.h">
      <Filter>Core\External\STB</Filter>
    </ClInclude>
    <ClInclude Include="Core\External\STB\stb_image_resize.h">
      <Filter>Core\External\STB</Filter>
    </ClInclude>
    <ClInclude Include="Core\External\STB\stb_image_write.h">
      <Filter>Core\External\STB</Filter>
    </ClInclude>
    <ClInclude Include="Core\External\STB\stb_include.h">
      <Filter>Core\External\STB</Filter>
    </ClInclude>
    <ClInclude Include="Core\External\STB\stb_leakcheck.h">
      <Filter>Core\External\STB</Filter>
    </ClInclude>
    <ClInclude Include="Core\External\STB\stb_perlin.h">
      <Filter>Core\External\STB</Filter>
    </ClInclude>
    <ClInclude Include="Core\External\STB\stb_rect_pack.h">
      <Filter>Core\External\STB</Filter>
    </ClInclude>
    <ClInclude Include="Core\External\STB\stb_sprintf.h">
      <Filter>Core\External\STB</Filter>
    </ClInclude>
    <ClInclude Include="Core\External\STB\stb_textedit.h">
      <Filter>Core\External\STB</Filter>
    </ClInclude>
    <ClInclude Include="Core\External\STB\stb_tilemap_editor.h">
      <Filter>Core\External\STB</Filter>
    </ClInclude>
    <ClInclude Include="Core\External\STB\stb_truetype.h">
      <Filter>Core\External\STB</Filter>
    </ClInclude>
    <ClInclude Include="Core\External\STB\stb_voxel_render.h">
      <Filter>Core\External\STB</Filter>
    </ClInclude>
    <ClInclude Include="Core\External\DirectX\DDSTextureLoader11.h">
      <Filter>Core\External\DirectX</Filter>
    </ClInclude>
    <ClInclude Include="Core\Utilities\Input.h">
      <Filter>Core\Utilities</Filter>
    </ClInclude>
    <ClInclude Include="Core\Utilities\Function.h">
      <Filter>Core\Utilities</Filter>
    </ClInclude>
    <ClInclude Include="Core\External\nlohmann\json.hpp">
      <Filter>Core\External\nlohmann/json</Filter>
    </ClInclude>
    <ClInclude Include="Core\External\imgui\imconfig.h">
      <Filter>Core\External\ImGui</Filter>
    </ClInclude>
    <ClInclude Include="Core\External\imgui\imgui.h">
      <Filter>Core\External\ImGui</Filter>
    </ClInclude>
    <ClInclude Include="Core\External\imgui\imgui_internal.h">
      <Filter>Core\External\ImGui</Filter>
    </ClInclude>
    <ClInclude Include="Core\External\imgui\imstb_rectpack.h">
      <Filter>Core\External\ImGui</Filter>
    </ClInclude>
    <ClInclude Include="Core\External\imgui\imstb_textedit.h">
      <Filter>Core\External\ImGui</Filter>
    </ClInclude>
    <ClInclude Include="Core\External\imgui\imstb_truetype.h">
      <Filter>Core\External\ImGui</Filter>
    </ClInclude>
    <ClInclude Include="Core\External\imgui\imgui_impl_dx11.h">
      <Filter>Core\External\ImGui</Filter>
    </ClInclude>
    <ClInclude Include="Core\External\imgui\imgui_impl_win32.h">
      <Filter>Core\External\ImGui</Filter>
    </ClInclude>
    <ClInclude Include="Core\PollingStation.h">
      <Filter>Core</Filter>
    </ClInclude>
    <ClInclude Include="Core\ImGui\DragoniteGui.h">
      <Filter>Core\Imgui</Filter>
    </ClInclude>
    <ClInclude Include="APIInterface.h" />
  </ItemGroup>
  <ItemGroup>
    <ClCompile Include="dllmain.cpp" />
    <ClCompile Include="Core\Runtime.cpp">
      <Filter>Core</Filter>
    </ClCompile>
    <ClCompile Include="Core\Graphics\GraphicsAPI.cpp">
      <Filter>Core\Graphics</Filter>
    </ClCompile>
    <ClCompile Include="Core\CU\Transform.cpp">
      <Filter>Core\CU</Filter>
    </ClCompile>
    <ClCompile Include="Core\Graphics\Camera.cpp">
      <Filter>Core\Graphics</Filter>
    </ClCompile>
    <ClCompile Include="Core\Graphics\Models\ModelFactory.cpp">
      <Filter>Core\Graphics\Models</Filter>
    </ClCompile>
    <ClCompile Include="Core\Graphics\Textures\Texture.cpp">
      <Filter>Core\Graphics\Textures</Filter>
    </ClCompile>
    <ClCompile Include="Core\Graphics\Textures\TextureFactory.cpp">
      <Filter>Core\Graphics\Textures</Filter>
    </ClCompile>
    <ClCompile Include="Core\Graphics\Models\Material.cpp">
      <Filter>Core\Graphics\Models</Filter>
    </ClCompile>
    <ClCompile Include="Core\Scene.cpp">
      <Filter>Core</Filter>
    </ClCompile>
    <ClCompile Include="Core\External\STB\stb_vorbis.c">
      <Filter>Core\External\STB</Filter>
    </ClCompile>
    <ClCompile Include="Core\External\DirectX\DDSTextureLoader11.cpp">
      <Filter>Core\External\DirectX</Filter>
    </ClCompile>
    <ClCompile Include="Core\Utilities\Input.cpp">
      <Filter>Core\Utilities</Filter>
    </ClCompile>
    <ClCompile Include="Core\External\imgui\imgui.cpp">
      <Filter>Core\External\ImGui</Filter>
    </ClCompile>
    <ClCompile Include="Core\External\imgui\imgui_demo.cpp">
      <Filter>Core\External\ImGui</Filter>
    </ClCompile>
    <ClCompile Include="Core\External\imgui\imgui_draw.cpp">
      <Filter>Core\External\ImGui</Filter>
    </ClCompile>
    <ClCompile Include="Core\External\imgui\imgui_tables.cpp">
      <Filter>Core\External\ImGui</Filter>
    </ClCompile>
    <ClCompile Include="Core\External\imgui\imgui_widgets.cpp">
      <Filter>Core\External\ImGui</Filter>
    </ClCompile>
    <ClCompile Include="Core\External\imgui\imgui_impl_dx11.cpp">
      <Filter>Core\External\ImGui</Filter>
    </ClCompile>
    <ClCompile Include="Core\External\imgui\imgui_impl_win32.cpp">
      <Filter>Core\External\ImGui</Filter>
    </ClCompile>
    <ClCompile Include="Core\ImGui\DragoniteGui.cpp">
      <Filter>Core\Imgui</Filter>
    </ClCompile>
    <ClCompile Include="Core\PollingStation.cpp">
      <Filter>Core</Filter>
    </ClCompile>
    <ClCompile Include="APIInterface.cpp" />
  </ItemGroup>
  <ItemGroup>
    <Filter Include="Core">
      <UniqueIdentifier>{9a51c3d2-f80a-4d41-adb1-1dfa307abab7}</UniqueIdentifier>
    </Filter>
    <Filter Include="Core\CU">
      <UniqueIdentifier>{8bbddb5c-9f89-4733-967b-f2be64fb4cd2}</UniqueIdentifier>
    </Filter>
    <Filter Include="Core\Imgui">
      <UniqueIdentifier>{51212918-5129-439d-8d5a-e200faba60d7}</UniqueIdentifier>
    </Filter>
    <Filter Include="Core\Graphics">
      <UniqueIdentifier>{de0228c9-df80-4258-9d86-0c00e2b00ae3}</UniqueIdentifier>
    </Filter>
    <Filter Include="Core\CU\Math">
      <UniqueIdentifier>{098d4b65-7581-4fab-b825-904e3fb89438}</UniqueIdentifier>
    </Filter>
    <Filter Include="Core\Graphics\Models">
      <UniqueIdentifier>{5ecc379e-ab24-45d2-95fe-5f948e53cab1}</UniqueIdentifier>
    </Filter>
    <Filter Include="Core\Graphics\Textures">
      <UniqueIdentifier>{343ce0d6-5c22-4071-b665-bc957ff9aca6}</UniqueIdentifier>
    </Filter>
    <Filter Include="Core\Graphics\Shaders">
      <UniqueIdentifier>{a6923737-88ed-4742-997e-e1c02cd86da1}</UniqueIdentifier>
    </Filter>
    <Filter Include="Core\Graphics\Shaders\Framework">
      <UniqueIdentifier>{ba587d66-0216-4dc5-a325-14097345610c}</UniqueIdentifier>
    </Filter>
    <Filter Include="Core\External">
      <UniqueIdentifier>{bf0f2afd-ef9d-4d24-a48e-a148003a7329}</UniqueIdentifier>
    </Filter>
    <Filter Include="Core\External\STB">
      <UniqueIdentifier>{65879386-1787-40c3-a5d1-6abd2a26ed02}</UniqueIdentifier>
    </Filter>
    <Filter Include="Core\External\DirectX">
      <UniqueIdentifier>{788cf4f3-d82b-415b-99c8-3658223f608a}</UniqueIdentifier>
    </Filter>
    <Filter Include="Core\Utilities">
      <UniqueIdentifier>{13d65806-abb6-47fe-be0a-4487bd239892}</UniqueIdentifier>
    </Filter>
    <Filter Include="Core\External\ImGui">
      <UniqueIdentifier>{08f2db4c-f0e8-4dca-aefc-c7a19b6cddb0}</UniqueIdentifier>
    </Filter>
    <Filter Include="Core\External\nlohmann/json">
      <UniqueIdentifier>{cddcefa2-836c-44bc-8fc0-03edb6d00bec}</UniqueIdentifier>
    </Filter>
  </ItemGroup>
  <ItemGroup>
    <FxCompile Include="Core\Graphics\Shaders\Unlit_VS.hlsl">
      <Filter>Core\Graphics\Shaders</Filter>
    </FxCompile>
    <FxCompile Include="Core\Graphics\Shaders\Unlit_PS.hlsl">
      <Filter>Core\Graphics\Shaders</Filter>
    </FxCompile>
  </ItemGroup>
  <ItemGroup>
    <None Include="Core\Graphics\Shaders\Framework\ShaderStruct.hlsli">
      <Filter>Core\Graphics\Shaders\Framework</Filter>
    </None>
    <None Include="Core\Graphics\Shaders\Framework\CBufferDefs.hlsli">
      <Filter>Core\Graphics\Shaders\Framework</Filter>
    </None>
    <None Include="Core\Graphics\Shaders\Framework\TextureDefs.hlsli">
      <Filter>Core\Graphics\Shaders\Framework</Filter>
    </None>
  </ItemGroup>
</Project>