
Microsoft Visual Studio Solution File, Format Version 12.00
# Visual Studio Version 17
VisualStudioVersion = 17.3.32825.248
MinimumVisualStudioVersion = 10.0.40219.1
Project("{8BC9CEB8-8B4A-11D0-8D11-00A0C91BC942}") = "DragoniteEngine", "DragoniteEngine\DragoniteEngine.vcxproj", "{A121B13F-327C-4FE4-93C7-88B743FAB60E}"
EndProject
Project("{8BC9CEB8-8B4A-11D0-8D11-00A0C91BC942}") = "DragoniteLauncher", "DragoniteLauncher\DragoniteLauncher.vcxproj", "{EEB52FB3-3B4F-46D0-BF0D-9265A99474BA}"
EndProject
Global
	GlobalSection(SolutionConfigurationPlatforms) = preSolution
		Debug|x64 = Debug|x64
		Debug|x86 = Debug|x86
		Release|x64 = Release|x64
		Release|x86 = Release|x86
	EndGlobalSection
	GlobalSection(ProjectConfigurationPlatforms) = postSolution
		{A121B13F-327C-4FE4-93C7-88B743FAB60E}.Debug|x64.ActiveCfg = Debug|x64
		{A121B13F-327C-4FE4-93C7-88B743FAB60E}.Debug|x64.Build.0 = Debug|x64
		{A121B13F-327C-4FE4-93C7-88B743FAB60E}.Debug|x86.ActiveCfg = Debug|Win32
		{A121B13F-327C-4FE4-93C7-88B743FAB60E}.Debug|x86.Build.0 = Debug|Win32
		{A121B13F-327C-4FE4-93C7-88B743FAB60E}.Release|x64.ActiveCfg = Release|x64
		{A121B13F-327C-4FE4-93C7-88B743FAB60E}.Release|x64.Build.0 = Release|x64
		{A121B13F-327C-4FE4-93C7-88B743FAB60E}.Release|x86.ActiveCfg = Release|Win32
		{A121B13F-327C-4FE4-93C7-88B743FAB60E}.Release|x86.Build.0 = Release|Win32
		{EEB52FB3-3B4F-46D0-BF0D-9265A99474BA}.Debug|x64.ActiveCfg = Debug|x64
		{EEB52FB3-3B4F-46D0-BF0D-9265A99474BA}.Debug|x64.Build.0 = Debug|x64
		{EEB52FB3-3B4F-46D0-BF0D-9265A99474BA}.Debug|x86.ActiveCfg = Debug|Win32
		{EEB52FB3-3B4F-46D0-BF0D-9265A99474BA}.Debug|x86.Build.0 = Debug|Win32
		{EEB52FB3-3B4F-46D0-BF0D-9265A99474BA}.Release|x64.ActiveCfg = Release|x64
		{EEB52FB3-3B4F-46D0-BF0D-9265A99474BA}.Release|x64.Build.0 = Release|x64
		{EEB52FB3-3B4F-46D0-BF0D-9265A99474BA}.Release|x86.ActiveCfg = Release|Win32
		{EEB52FB3-3B4F-46D0-BF0D-9265A99474BA}.Release|x86.Build.0 = Release|Win32
	EndGlobalSection
	GlobalSection(SolutionProperties) = preSolution
		HideSolutionNode = FALSE
	EndGlobalSection
	GlobalSection(ExtensibilityGlobals) = postSolution
		SolutionGuid = {666846AC-8322-4762-BD47-664D0F7AAE13}
	EndGlobalSection
EndGlobal
