<?xml version="1.0" encoding="utf-8"?>
<Project ToolsVersion="4.0" xmlns="http://schemas.microsoft.com/developer/msbuild/2003">
  <ItemGroup>
    <Filter Include="src">
      <UniqueIdentifier>{2DAB880B-99B4-887C-2230-9F7C8E38947C}</UniqueIdentifier>
    </Filter>
    <Filter Include="src\Commands">
      <UniqueIdentifier>{0E2916E8-FA8B-A58C-A311-DE428F53710F}</UniqueIdentifier>
    </Filter>
    <Filter Include="src\Core">
      <UniqueIdentifier>{A5D31CCF-91A0-77DA-BAB9-6582A6E5AC68}</UniqueIdentifier>
    </Filter>
    <Filter Include="src\Core\Editors">
      <UniqueIdentifier>{0E8DEEE0-FA85-0D33-23B8-F2B70F10ED3E}</UniqueIdentifier>
    </Filter>
    <Filter Include="src\Graphics">
      <UniqueIdentifier>{0D564864-F9B8-D708-A23E-10BF8E80A38B}</UniqueIdentifier>
    </Filter>
    <Filter Include="src\SceneEditor">
      <UniqueIdentifier>{51FBC550-BD86-3315-C697-B60932A28F15}</UniqueIdentifier>
    </Filter>
    <Filter Include="vendor">
      <UniqueIdentifier>{B3738122-9F15-ACF8-88D0-BF4C74113349}</UniqueIdentifier>
    </Filter>
    <Filter Include="vendor\src">
      <UniqueIdentifier>{4AD3C5A8-368B-07F6-9F92-E0518B69A2E6}</UniqueIdentifier>
    </Filter>
    <Filter Include="vendor\src\imgui">
      <UniqueIdentifier>{34B0395E-20A9-58B0-49DB-3D35353338BC}</UniqueIdentifier>
    </Filter>
    <Filter Include="vendor\src\imgui\backends">
      <UniqueIdentifier>{DEA4DA71-4A67-0EFC-9317-9D88FF18E7D9}</UniqueIdentifier>
    </Filter>
  </ItemGroup>
  <ItemGroup>
    <ClInclude Include="..\vendor\src\imgui\backends\imgui_impl_dx11.h">
      <Filter>vendor\src\imgui\backends</Filter>
    </ClInclude>
    <ClInclude Include="..\vendor\src\imgui\backends\imgui_impl_win32.h">
      <Filter>vendor\src\imgui\backends</Filter>
    </ClInclude>
    <ClInclude Include="src\AssetBrowser.h">
      <Filter>src</Filter>
    </ClInclude>
    <ClInclude Include="src\Commands\Command.h">
      <Filter>src\Commands</Filter>
    </ClInclude>
    <ClInclude Include="src\Commands\MenuCommand.h">
      <Filter>src\Commands</Filter>
    </ClInclude>
    <ClInclude Include="src\Core\Editors\Root.h">
      <Filter>src\Core\Editors</Filter>
    </ClInclude>
    <ClInclude Include="src\Core\EnderGUIAPI.h">
      <Filter>src\Core</Filter>
    </ClInclude>
    <ClInclude Include="src\EditorSettings.h">
      <Filter>src</Filter>
    </ClInclude>
    <ClInclude Include="src\EngineDebugger.h">
      <Filter>src</Filter>
    </ClInclude>
    <ClInclude Include="src\GUIWindow.h">
      <Filter>src</Filter>
    </ClInclude>
    <ClInclude Include="src\Graphics\DirectX.h">
      <Filter>src\Graphics</Filter>
    </ClInclude>
    <ClInclude Include="src\RenderID.h">
      <Filter>src</Filter>
    </ClInclude>
    <ClInclude Include="src\SceneEditor.h">
      <Filter>src</Filter>
    </ClInclude>
    <ClInclude Include="src\SceneEditor\ComponentRegistry.h">
      <Filter>src\SceneEditor</Filter>
    </ClInclude>
    <ClInclude Include="src\SceneEditor\PropertyEditor.h">
      <Filter>src\SceneEditor</Filter>
    </ClInclude>
    <ClInclude Include="src\SceneEditor\Viewport.h">
      <Filter>src\SceneEditor</Filter>
    </ClInclude>
  </ItemGroup>
  <ItemGroup>
    <ClCompile Include="..\vendor\src\imgui\backends\imgui_impl_dx11.cpp">
      <Filter>vendor\src\imgui\backends</Filter>
    </ClCompile>
    <ClCompile Include="..\vendor\src\imgui\backends\imgui_impl_win32.cpp">
      <Filter>vendor\src\imgui\backends</Filter>
    </ClCompile>
    <ClCompile Include="src\AssetBrowser.cpp">
      <Filter>src</Filter>
    </ClCompile>
    <ClCompile Include="src\Commands\MenuCommand.cpp">
      <Filter>src\Commands</Filter>
    </ClCompile>
    <ClCompile Include="src\Core\Editors\Root.cpp">
      <Filter>src\Core\Editors</Filter>
    </ClCompile>
    <ClCompile Include="src\Core\EnderGUIAPI.cpp">
      <Filter>src\Core</Filter>
    </ClCompile>
    <ClCompile Include="src\EngineDebugger.cpp">
      <Filter>src</Filter>
    </ClCompile>
    <ClCompile Include="src\GUIWindow.cpp">
      <Filter>src</Filter>
    </ClCompile>
    <ClCompile Include="src\Graphics\DirectX.cpp">
      <Filter>src\Graphics</Filter>
    </ClCompile>
    <ClCompile Include="src\RenderID.cpp">
      <Filter>src</Filter>
    </ClCompile>
    <ClCompile Include="src\SceneEditor.cpp">
      <Filter>src</Filter>
    </ClCompile>
    <ClCompile Include="src\SceneEditor\PropertyEditor.cpp">
      <Filter>src\SceneEditor</Filter>
    </ClCompile>
    <ClCompile Include="src\SceneEditor\Viewport.cpp">
      <Filter>src\SceneEditor</Filter>
    </ClCompile>
  </ItemGroup>
</Project>