<?xml version="1.0" encoding="utf-8"?>
<Project ToolsVersion="4.0" xmlns="http://schemas.microsoft.com/developer/msbuild/2003">
  <ItemGroup>
    <Filter Include="Utilities">
      <UniqueIdentifier>{73a83eda-0477-40a8-819a-6228bbb27cbf}</UniqueIdentifier>
    </Filter>
    <Filter Include="Core">
      <UniqueIdentifier>{4FC737F1-C7A5-4376-A066-2A32D752A2FF}</UniqueIdentifier>
      <Extensions>cpp;c;cc;cxx;c++;cppm;ixx;def;odl;idl;hpj;bat;asm;asmx</Extensions>
    </Filter>
    <Filter Include="Core\System">
      <UniqueIdentifier>{291b9eaa-e46f-4c04-92d7-72be83a0a385}</UniqueIdentifier>
    </Filter>
    <Filter Include="Core\Graphics">
      <UniqueIdentifier>{8b7ea186-d262-4190-a601-3b4b3b3abd38}</UniqueIdentifier>
    </Filter>
    <Filter Include="Shaders">
      <UniqueIdentifier>{bcd98574-6809-4d29-bb31-13ebb0312ae5}</UniqueIdentifier>
    </Filter>
    <Filter Include="Core\Graphics\Rendering">
      <UniqueIdentifier>{e0ebaac6-766f-44e1-9c9e-630e939b1253}</UniqueIdentifier>
    </Filter>
    <Filter Include="Shaders\Utilities">
      <UniqueIdentifier>{641ba903-007c-4fc5-96e4-f351d2fd2903}</UniqueIdentifier>
    </Filter>
    <Filter Include="Game">
      <UniqueIdentifier>{6e511c9b-933b-489b-aa3a-b2ce8937220e}</UniqueIdentifier>
    </Filter>
  </ItemGroup>
  <ItemGroup>
    <ClCompile Include="main.cpp">
      <Filter>Core</Filter>
    </ClCompile>
    <ClCompile Include="Core\System.cpp">
      <Filter>Core\System</Filter>
    </ClCompile>
    <ClCompile Include="Core\Graphics\GraphicsEngine.cpp">
      <Filter>Core\Graphics</Filter>
    </ClCompile>
    <ClCompile Include="Core\Graphics\Rendering\Render.cpp">
      <Filter>Core\Graphics\Rendering</Filter>
    </ClCompile>
    <ClCompile Include="Core\Runtime.cpp">
      <Filter>Core\System</Filter>
    </ClCompile>
    <ClCompile Include="Core\Graphics\Rendering\Triangle.cpp">
      <Filter>Core\Graphics\Rendering</Filter>
    </ClCompile>
    <ClCompile Include="Core\Graphics\Rendering\Quad.cpp">
      <Filter>Core\Graphics\Rendering</Filter>
    </ClCompile>
  </ItemGroup>
  <ItemGroup>
    <ClInclude Include="EngineUtilities.h">
      <Filter>Utilities</Filter>
    </ClInclude>
    <ClInclude Include="Core\System.h">
      <Filter>Core\System</Filter>
    </ClInclude>
    <ClInclude Include="Core\Graphics\GraphicsEngine.h">
      <Filter>Core\Graphics</Filter>
    </ClInclude>
    <ClInclude Include="CommonUtilities.h">
      <Filter>Utilities</Filter>
    </ClInclude>
    <ClInclude Include="Core\Graphics\Rendering\Render.h">
      <Filter>Core\Graphics\Rendering</Filter>
    </ClInclude>
    <ClInclude Include="Core\Runtime.h">
      <Filter>Core\System</Filter>
    </ClInclude>
    <ClInclude Include="Core\Graphics\Rendering\Triangle.h">
      <Filter>Core\Graphics\Rendering</Filter>
    </ClInclude>
    <ClInclude Include="Core\Graphics\Rendering\Quad.h">
      <Filter>Core\Graphics\Rendering</Filter>
    </ClInclude>
  </ItemGroup>
  <ItemGroup>
    <FxCompile Include="Shaders\ColorShader_PS.hlsl">
      <Filter>Shaders</Filter>
    </FxCompile>
    <FxCompile Include="Shaders\ColorShader_VS.hlsl">
      <Filter>Shaders</Filter>
    </FxCompile>
    <FxCompile Include="Shaders\SinWave_PS.hlsl">
      <Filter>Shaders</Filter>
    </FxCompile>
  </ItemGroup>
  <ItemGroup>
    <None Include="Shaders\Utilities\ShaderUtilities.hlsli">
      <Filter>Shaders\Utilities</Filter>
    </None>
  </ItemGroup>
</Project>