<?xml version="1.0" encoding="utf-8"?>
<Project ToolsVersion="4.0" xmlns="http://schemas.microsoft.com/developer/msbuild/2003">
  <ItemGroup>
    <Filter Include="Utilities">
      <UniqueIdentifier>{73a83eda-0477-40a8-819a-6228bbb27cbf}</UniqueIdentifier>
    </Filter>
    <Filter Include="Core">
      <UniqueIdentifier>{4FC737F1-C7A5-4376-A066-2A32D752A2FF}</UniqueIdentifier>
      <Extensions>cpp;c;cc;cxx;c++;cppm;ixx;def;odl;idl;hpj;bat;asm;asmx</Extensions>
    </Filter>
    <Filter Include="Core\System">
      <UniqueIdentifier>{291b9eaa-e46f-4c04-92d7-72be83a0a385}</UniqueIdentifier>
    </Filter>
    <Filter Include="Core\Graphics">
      <UniqueIdentifier>{8b7ea186-d262-4190-a601-3b4b3b3abd38}</UniqueIdentifier>
    </Filter>
    <Filter Include="Shaders">
      <UniqueIdentifier>{bcd98574-6809-4d29-bb31-13ebb0312ae5}</UniqueIdentifier>
    </Filter>
    <Filter Include="Shaders\Utilities">
      <UniqueIdentifier>{641ba903-007c-4fc5-96e4-f351d2fd2903}</UniqueIdentifier>
    </Filter>
    <Filter Include="Game">
      <UniqueIdentifier>{6e511c9b-933b-489b-aa3a-b2ce8937220e}</UniqueIdentifier>
    </Filter>
    <Filter Include="Utilities\Math">
      <UniqueIdentifier>{6c810fdb-b0d7-47d7-b7f6-a786607ad05b}</UniqueIdentifier>
    </Filter>
    <Filter Include="Utilities\Math\Vectors">
      <UniqueIdentifier>{f245c52e-9cbc-47a9-b436-9d46ce334930}</UniqueIdentifier>
    </Filter>
    <Filter Include="Utilities\Math\Matrixes">
      <UniqueIdentifier>{233cbb38-4f0c-494c-823a-9537bffd770c}</UniqueIdentifier>
    </Filter>
    <Filter Include="Core\System\Components">
      <UniqueIdentifier>{020e1a5e-81f2-4d89-a180-59818772b1f0}</UniqueIdentifier>
    </Filter>
    <Filter Include="Core\System\Input">
      <UniqueIdentifier>{67b0d9d5-be6e-4d95-9923-5bb922093193}</UniqueIdentifier>
    </Filter>
    <Filter Include="Utilities\Math\Noise">
      <UniqueIdentifier>{b0b7f210-84f8-44bd-9a79-abd9b8f28c23}</UniqueIdentifier>
    </Filter>
    <Filter Include="Utilities\Algorithms">
      <UniqueIdentifier>{777cd5d1-9aa4-4890-9dd4-67b4b160c4b1}</UniqueIdentifier>
    </Filter>
    <Filter Include="Core\Graphics\Framework">
      <UniqueIdentifier>{555b96e3-bd47-48f0-8fd8-c05d99974175}</UniqueIdentifier>
    </Filter>
    <Filter Include="Core\Graphics\Framework\Model">
      <UniqueIdentifier>{5dd3403a-0065-47a9-8468-ab12b8fcfe3b}</UniqueIdentifier>
    </Filter>
    <Filter Include="Utilities\External">
      <UniqueIdentifier>{6073e341-d9fd-494a-94b5-f6b3800ff3b6}</UniqueIdentifier>
    </Filter>
    <Filter Include="Utilities\External\stb">
      <UniqueIdentifier>{2c964b4b-8ceb-42c7-b158-542114e8d614}</UniqueIdentifier>
    </Filter>
  </ItemGroup>
  <ItemGroup>
    <ClCompile Include="main.cpp">
      <Filter>Core</Filter>
    </ClCompile>
    <ClCompile Include="Core\System.cpp">
      <Filter>Core\System</Filter>
    </ClCompile>
    <ClCompile Include="Core\Graphics\GraphicsEngine.cpp">
      <Filter>Core\Graphics</Filter>
    </ClCompile>
    <ClCompile Include="Core\Runtime.cpp">
      <Filter>Core\System</Filter>
    </ClCompile>
    <ClCompile Include="Core\Components\Camera.cpp">
      <Filter>Core\System\Components</Filter>
    </ClCompile>
    <ClCompile Include="Core\Graphics\Rendering\ModelFactory.cpp">
      <Filter>Core\Graphics\Framework\Model</Filter>
    </ClCompile>
    <ClCompile Include="Core\Components\ModelRenderer.cpp">
      <Filter>Core\System\Components</Filter>
    </ClCompile>
    <ClCompile Include="Core\Transform.cpp">
      <Filter>Core\System</Filter>
    </ClCompile>
    <ClCompile Include="Core\Scene.cpp">
      <Filter>Game</Filter>
    </ClCompile>
    <ClCompile Include="Core\GameObject.cpp">
      <Filter>Core\System</Filter>
    </ClCompile>
    <ClCompile Include="Core\Utilities\Input.cpp">
      <Filter>Core\System\Input</Filter>
    </ClCompile>
    <ClCompile Include="Core\Utilities\Algorithms\SparseSet.cpp">
      <Filter>Utilities\Algorithms</Filter>
    </ClCompile>
    <ClCompile Include="Core\Graphics\Rendering\Framework\Texture.cpp">
      <Filter>Core\Graphics\Framework</Filter>
    </ClCompile>
    <ClCompile Include="Core\Utilities\External\DDSTextureLoader.cpp">
      <Filter>Utilities\External</Filter>
    </ClCompile>
    <ClCompile Include="Core\Graphics\Rendering\Framework\RenderTarget.cpp">
      <Filter>Core\Graphics\Framework</Filter>
    </ClCompile>
  </ItemGroup>
  <ItemGroup>
    <ClInclude Include="EngineUtilities.h">
      <Filter>Utilities</Filter>
    </ClInclude>
    <ClInclude Include="Core\System.h">
      <Filter>Core\System</Filter>
    </ClInclude>
    <ClInclude Include="Core\Graphics\GraphicsEngine.h">
      <Filter>Core\Graphics</Filter>
    </ClInclude>
    <ClInclude Include="Core\Runtime.h">
      <Filter>Core\System</Filter>
    </ClInclude>
    <ClInclude Include="Core\Utilities\UtilityFunctions.h">
      <Filter>Utilities</Filter>
    </ClInclude>
    <ClInclude Include="Core\Utilities\Math\Vector.h">
      <Filter>Utilities\Math\Vectors</Filter>
    </ClInclude>
    <ClInclude Include="Core\Utilities\Math\Vector2.h">
      <Filter>Utilities\Math\Vectors</Filter>
    </ClInclude>
    <ClInclude Include="Core\Utilities\Math\Vector3.h">
      <Filter>Utilities\Math\Vectors</Filter>
    </ClInclude>
    <ClInclude Include="Core\Utilities\Math\Vector4.h">
      <Filter>Utilities\Math\Vectors</Filter>
    </ClInclude>
    <ClInclude Include="Core\Utilities\Math\Matrix4x4.h">
      <Filter>Utilities\Math\Matrixes</Filter>
    </ClInclude>
    <ClInclude Include="Core\Utilities\Math\Matrix3x3.h">
      <Filter>Utilities\Math\Matrixes</Filter>
    </ClInclude>
    <ClInclude Include="Core\Utilities\Math\Matrix.h">
      <Filter>Utilities\Math\Matrixes</Filter>
    </ClInclude>
    <ClInclude Include="Core\Transform.h">
      <Filter>Core\System</Filter>
    </ClInclude>
    <ClInclude Include="Core\Component.h">
      <Filter>Core\System\Components</Filter>
    </ClInclude>
    <ClInclude Include="Core\Components\Camera.h">
      <Filter>Core\System\Components</Filter>
    </ClInclude>
    <ClInclude Include="Core\Graphics\Rendering\MeshInfo.h">
      <Filter>Core\Graphics\Framework\Model</Filter>
    </ClInclude>
    <ClInclude Include="Core\Graphics\Rendering\ModelFactory.h">
      <Filter>Core\Graphics\Framework\Model</Filter>
    </ClInclude>
    <ClInclude Include="Core\Components\ModelRenderer.h">
      <Filter>Core\System\Components</Filter>
    </ClInclude>
    <ClInclude Include="Core\Scene.h">
      <Filter>Game</Filter>
    </ClInclude>
    <ClInclude Include="Core\GameObject.h">
      <Filter>Core\System</Filter>
    </ClInclude>
    <ClInclude Include="Core\Utilities\Input.h">
      <Filter>Core\System\Input</Filter>
    </ClInclude>
    <ClInclude Include="Core\Utilities\STB\ImageImport.h">
      <Filter>Utilities\External\stb</Filter>
    </ClInclude>
    <ClInclude Include="Core\Utilities\Math\Noise.h">
      <Filter>Utilities\Math\Noise</Filter>
    </ClInclude>
    <ClInclude Include="Core\Utilities\Algorithms\SparseSet.h">
      <Filter>Utilities\Algorithms</Filter>
    </ClInclude>
    <ClInclude Include="Core\Utilities\External\DDSTextureLoader.h">
      <Filter>Utilities\External</Filter>
    </ClInclude>
    <ClInclude Include="Core\Utilities\Extensions.h">
      <Filter>Utilities\External</Filter>
    </ClInclude>
    <ClInclude Include="Core\Graphics\Rendering\Framework\RenderTarget.h">
      <Filter>Core\Graphics\Framework</Filter>
    </ClInclude>
    <ClInclude Include="Core\Graphics\Rendering\Framework\Texture.h">
      <Filter>Core\Graphics\Framework</Filter>
    </ClInclude>
  </ItemGroup>
  <ItemGroup>
    <FxCompile Include="Shaders\ColorShader_PS.hlsl">
      <Filter>Shaders</Filter>
    </FxCompile>
    <FxCompile Include="Shaders\ColorShader_VS.hlsl">
      <Filter>Shaders</Filter>
    </FxCompile>
    <FxCompile Include="Shaders\SinWave_PS.hlsl">
      <Filter>Shaders</Filter>
    </FxCompile>
    <FxCompile Include="Shaders\AnimatedSinWave_PS.hlsl">
      <Filter>Shaders</Filter>
    </FxCompile>
    <FxCompile Include="Shaders\TerrainShader_PS.hlsl">
      <Filter>Shaders</Filter>
    </FxCompile>
    <FxCompile Include="Shaders\TerrainShader_VS.hlsl">
      <Filter>Shaders</Filter>
    </FxCompile>
    <FxCompile Include="Shaders\PlanarReflection_PS.hlsl">
      <Filter>Shaders</Filter>
    </FxCompile>
  </ItemGroup>
  <ItemGroup>
    <None Include="Shaders\Utilities\ShaderUtilities.hlsli">
      <Filter>Shaders\Utilities</Filter>
    </None>
    <None Include="Shaders\Utilities\PBRFunctions.hlsli">
      <Filter>Shaders\Utilities</Filter>
    </None>
  </ItemGroup>
</Project>